
Microsoft Visual Studio Solution File, Format Version 12.00
# Visual Studio Version 16
VisualStudioVersion = 16.0.30225.117
MinimumVisualStudioVersion = 10.0.40219.1
Project("{2150E333-8FDC-42A3-9474-1A3956D46DE8}") = "Shared", "Shared", "{DD58AB32-467C-4821-A112-900AD0E80BB0}"
EndProject
Project("{2150E333-8FDC-42A3-9474-1A3956D46DE8}") = "Testing", "Testing", "{FBD999CA-AB5C-4375-870D-06909C95563F}"
EndProject
Project("{9A19103F-16F7-4668-BE54-9A1E7A4F7556}") = "ChustaSoft.Tools.DBAccess.Abstractions", "ChustaSoft.Tools.DBAccess.Abstractions\ChustaSoft.Tools.DBAccess.Abstractions.csproj", "{F444F6D4-F554-4717-881C-50B5B67413DB}"
EndProject
Project("{9A19103F-16F7-4668-BE54-9A1E7A4F7556}") = "ChustaSoft.Tools.DBAccess.EntityFramework", "ChustaSoft.Tools.DBAccess.EntityFramework\ChustaSoft.Tools.DBAccess.EntityFramework.csproj", "{3F011468-5D25-4745-BFFE-35CEC610135D}"
EndProject
Project("{9A19103F-16F7-4668-BE54-9A1E7A4F7556}") = "ChustaSoft.Tools.DBAccess.MongoDb", "ChustaSoft.Tools.DBAccess.MongoDb\ChustaSoft.Tools.DBAccess.MongoDb.csproj", "{7200CDC8-2CC3-4991-B1C7-35419C523E79}"
EndProject
Project("{9A19103F-16F7-4668-BE54-9A1E7A4F7556}") = "ChustaSoft.Tools.DBAccess.EntityFramework.IntegrationTests", "ChustaSoft.Tools.DBAccess.EntityFramework.IntegrationTests\ChustaSoft.Tools.DBAccess.EntityFramework.IntegrationTests.csproj", "{1041C4A0-77EC-4B2F-AA25-A253A86831D6}"
EndProject
Project("{9A19103F-16F7-4668-BE54-9A1E7A4F7556}") = "ChustaSoft.Tools.DBAccess.Abstractions.UnitTests", "ChustaSoft.Tools.DBAccess.Abstractions.UnitTests\ChustaSoft.Tools.DBAccess.Abstractions.UnitTests.csproj", "{6EB2256B-650A-4C18-994E-9CC599402679}"
EndProject
Project("{9A19103F-16F7-4668-BE54-9A1E7A4F7556}") = "ChustaSoft.Tools.DBAccess.MongoDb.IntegrationTests", "ChustaSoft.Tools.DBAccess.MongoDb.IntegrationTests\ChustaSoft.Tools.DBAccess.MongoDb.IntegrationTests.csproj", "{EB96CB72-C942-49E9-A8EA-9E04CDB420A3}"
EndProject
Project("{9A19103F-16F7-4668-BE54-9A1E7A4F7556}") = "ChustaSoft.Tools.DBAccess.MongoDb.UnitTests", "ChustaSoft.Tools.DBAccess.MongoDb.UnitTests\ChustaSoft.Tools.DBAccess.MongoDb.UnitTests.csproj", "{97704D2D-8C48-464E-A260-FB2AF70D47BD}"
EndProject
Global
	GlobalSection(SolutionConfigurationPlatforms) = preSolution
		Debug|Any CPU = Debug|Any CPU
		Release|Any CPU = Release|Any CPU
	EndGlobalSection
	GlobalSection(ProjectConfigurationPlatforms) = postSolution
		{F444F6D4-F554-4717-881C-50B5B67413DB}.Debug|Any CPU.ActiveCfg = Debug|Any CPU
		{F444F6D4-F554-4717-881C-50B5B67413DB}.Debug|Any CPU.Build.0 = Debug|Any CPU
		{F444F6D4-F554-4717-881C-50B5B67413DB}.Release|Any CPU.ActiveCfg = Release|Any CPU
		{F444F6D4-F554-4717-881C-50B5B67413DB}.Release|Any CPU.Build.0 = Release|Any CPU
		{3F011468-5D25-4745-BFFE-35CEC610135D}.Debug|Any CPU.ActiveCfg = Debug|Any CPU
		{3F011468-5D25-4745-BFFE-35CEC610135D}.Debug|Any CPU.Build.0 = Debug|Any CPU
		{3F011468-5D25-4745-BFFE-35CEC610135D}.Release|Any CPU.ActiveCfg = Release|Any CPU
		{3F011468-5D25-4745-BFFE-35CEC610135D}.Release|Any CPU.Build.0 = Release|Any CPU
		{7200CDC8-2CC3-4991-B1C7-35419C523E79}.Debug|Any CPU.ActiveCfg = Debug|Any CPU
		{7200CDC8-2CC3-4991-B1C7-35419C523E79}.Debug|Any CPU.Build.0 = Debug|Any CPU
		{7200CDC8-2CC3-4991-B1C7-35419C523E79}.Release|Any CPU.ActiveCfg = Release|Any CPU
		{7200CDC8-2CC3-4991-B1C7-35419C523E79}.Release|Any CPU.Build.0 = Release|Any CPU
		{1041C4A0-77EC-4B2F-AA25-A253A86831D6}.Debug|Any CPU.ActiveCfg = Debug|Any CPU
		{1041C4A0-77EC-4B2F-AA25-A253A86831D6}.Debug|Any CPU.Build.0 = Debug|Any CPU
		{1041C4A0-77EC-4B2F-AA25-A253A86831D6}.Release|Any CPU.ActiveCfg = Release|Any CPU
		{1041C4A0-77EC-4B2F-AA25-A253A86831D6}.Release|Any CPU.Build.0 = Release|Any CPU
		{6EB2256B-650A-4C18-994E-9CC599402679}.Debug|Any CPU.ActiveCfg = Debug|Any CPU
		{6EB2256B-650A-4C18-994E-9CC599402679}.Debug|Any CPU.Build.0 = Debug|Any CPU
		{6EB2256B-650A-4C18-994E-9CC599402679}.Release|Any CPU.ActiveCfg = Release|Any CPU
		{6EB2256B-650A-4C18-994E-9CC599402679}.Release|Any CPU.Build.0 = Release|Any CPU
		{EB96CB72-C942-49E9-A8EA-9E04CDB420A3}.Debug|Any CPU.ActiveCfg = Debug|Any CPU
		{EB96CB72-C942-49E9-A8EA-9E04CDB420A3}.Debug|Any CPU.Build.0 = Debug|Any CPU
		{EB96CB72-C942-49E9-A8EA-9E04CDB420A3}.Release|Any CPU.ActiveCfg = Release|Any CPU
		{97704D2D-8C48-464E-A260-FB2AF70D47BD}.Debug|Any CPU.ActiveCfg = Debug|Any CPU
		{97704D2D-8C48-464E-A260-FB2AF70D47BD}.Debug|Any CPU.Build.0 = Debug|Any CPU
		{97704D2D-8C48-464E-A260-FB2AF70D47BD}.Release|Any CPU.ActiveCfg = Release|Any CPU
		{97704D2D-8C48-464E-A260-FB2AF70D47BD}.Release|Any CPU.Build.0 = Release|Any CPU
	EndGlobalSection
	GlobalSection(SolutionProperties) = preSolution
		HideSolutionNode = FALSE
	EndGlobalSection
	GlobalSection(NestedProjects) = preSolution
		{F444F6D4-F554-4717-881C-50B5B67413DB} = {DD58AB32-467C-4821-A112-900AD0E80BB0}
		{3F011468-5D25-4745-BFFE-35CEC610135D} = {DD58AB32-467C-4821-A112-900AD0E80BB0}
		{7200CDC8-2CC3-4991-B1C7-35419C523E79} = {DD58AB32-467C-4821-A112-900AD0E80BB0}
		{1041C4A0-77EC-4B2F-AA25-A253A86831D6} = {FBD999CA-AB5C-4375-870D-06909C95563F}
		{6EB2256B-650A-4C18-994E-9CC599402679} = {FBD999CA-AB5C-4375-870D-06909C95563F}
		{EB96CB72-C942-49E9-A8EA-9E04CDB420A3} = {FBD999CA-AB5C-4375-870D-06909C95563F}
		{97704D2D-8C48-464E-A260-FB2AF70D47BD} = {FBD999CA-AB5C-4375-870D-06909C95563F}
	EndGlobalSection
	GlobalSection(ExtensibilityGlobals) = postSolution
		SolutionGuid = {7E9D275F-FD96-4A22-875F-FE41841CB089}
	EndGlobalSection
EndGlobal
