
Microsoft Visual Studio Solution File, Format Version 12.00
# Visual Studio Version 16
VisualStudioVersion = 16.0.30225.117
MinimumVisualStudioVersion = 10.0.40219.1
Project("{9A19103F-16F7-4668-BE54-9A1E7A4F7556}") = "ChustaSoft.Tools.DBAccess", "ChustaSoft.Tools.DBAccess\ChustaSoft.Tools.DBAccess.csproj", "{3F011468-5D25-4745-BFFE-35CEC610135D}"
EndProject
Project("{FAE04EC0-301F-11D3-BF4B-00C04F79EFBC}") = "ChustaSoft.Tools.DBAccess.Abstractions", "ChustaSoft.Tools.DBAccess.Abstractions\ChustaSoft.Tools.DBAccess.Abstractions.csproj", "{F444F6D4-F554-4717-881C-50B5B67413DB}"
EndProject
Global
	GlobalSection(SolutionConfigurationPlatforms) = preSolution
		Debug|Any CPU = Debug|Any CPU
		Release|Any CPU = Release|Any CPU
	EndGlobalSection
	GlobalSection(ProjectConfigurationPlatforms) = postSolution
		{3F011468-5D25-4745-BFFE-35CEC610135D}.Debug|Any CPU.ActiveCfg = Debug|Any CPU
		{3F011468-5D25-4745-BFFE-35CEC610135D}.Debug|Any CPU.Build.0 = Debug|Any CPU
		{3F011468-5D25-4745-BFFE-35CEC610135D}.Release|Any CPU.ActiveCfg = Release|Any CPU
		{3F011468-5D25-4745-BFFE-35CEC610135D}.Release|Any CPU.Build.0 = Release|Any CPU
		{F444F6D4-F554-4717-881C-50B5B67413DB}.Debug|Any CPU.ActiveCfg = Debug|Any CPU
		{F444F6D4-F554-4717-881C-50B5B67413DB}.Debug|Any CPU.Build.0 = Debug|Any CPU
		{F444F6D4-F554-4717-881C-50B5B67413DB}.Release|Any CPU.ActiveCfg = Release|Any CPU
		{F444F6D4-F554-4717-881C-50B5B67413DB}.Release|Any CPU.Build.0 = Release|Any CPU
	EndGlobalSection
	GlobalSection(SolutionProperties) = preSolution
		HideSolutionNode = FALSE
	EndGlobalSection
	GlobalSection(ExtensibilityGlobals) = postSolution
		SolutionGuid = {7E9D275F-FD96-4A22-875F-FE41841CB089}
	EndGlobalSection
EndGlobal
